
Microsoft Visual Studio Solution File, Format Version 12.00
# Visual Studio Version 17
VisualStudioVersion = 17.11.35222.181
MinimumVisualStudioVersion = 10.0.40219.1
Project("{FAE04EC0-301F-11D3-BF4B-00C04F79EFBC}") = "Week6AndOrLogicalOperators", "Week6AndOrLogicalOperators\Week6AndOrLogicalOperators.csproj", "{A87EEB23-E4BE-47E6-8CAE-14F2F37E6F5B}"
EndProject
Project("{FAE04EC0-301F-11D3-BF4B-00C04F79EFBC}") = "AndOperatoeWithRanges", "AndOperatoeWithRanges\AndOperatoeWithRanges.csproj", "{F5D957FD-3252-4E46-BAF9-3940B1DD31A2}"
EndProject
Global
	GlobalSection(SolutionConfigurationPlatforms) = preSolution
		Debug|Any CPU = Debug|Any CPU
		Release|Any CPU = Release|Any CPU
	EndGlobalSection
	GlobalSection(ProjectConfigurationPlatforms) = postSolution
		{A87EEB23-E4BE-47E6-8CAE-14F2F37E6F5B}.Debug|Any CPU.ActiveCfg = Debug|Any CPU
		{A87EEB23-E4BE-47E6-8CAE-14F2F37E6F5B}.Debug|Any CPU.Build.0 = Debug|Any CPU
		{A87EEB23-E4BE-47E6-8CAE-14F2F37E6F5B}.Release|Any CPU.ActiveCfg = Release|Any CPU
		{A87EEB23-E4BE-47E6-8CAE-14F2F37E6F5B}.Release|Any CPU.Build.0 = Release|Any CPU
		{F5D957FD-3252-4E46-BAF9-3940B1DD31A2}.Debug|Any CPU.ActiveCfg = Debug|Any CPU
		{F5D957FD-3252-4E46-BAF9-3940B1DD31A2}.Debug|Any CPU.Build.0 = Debug|Any CPU
		{F5D957FD-3252-4E46-BAF9-3940B1DD31A2}.Release|Any CPU.ActiveCfg = Release|Any CPU
		{F5D957FD-3252-4E46-BAF9-3940B1DD31A2}.Release|Any CPU.Build.0 = Release|Any CPU
	EndGlobalSection
	GlobalSection(SolutionProperties) = preSolution
		HideSolutionNode = FALSE
	EndGlobalSection
	GlobalSection(ExtensibilityGlobals) = postSolution
		SolutionGuid = {89EB915A-B9B8-49DD-8FA7-9E7D65A2C86C}
	EndGlobalSection
EndGlobal
